
Microsoft Visual Studio Solution File, Format Version 12.00
# Visual Studio 15
VisualStudioVersion = 15.0.28307.271
MinimumVisualStudioVersion = 10.0.40219.1
Project("{9A19103F-16F7-4668-BE54-9A1E7A4F7556}") = "IdentityAPI", "IdentityAPI\IdentityAPI.csproj", "{632CD2A4-678B-4C9F-9B18-50F7EA7D2A32}"
EndProject
Project("{9A19103F-16F7-4668-BE54-9A1E7A4F7556}") = "FactorioApi", "FactorioApi\FactorioApi.csproj", "{B5A4F36B-5B7B-4D68-8D2F-80AE6C60AA28}"
EndProject
Project("{FAE04EC0-301F-11D3-BF4B-00C04F79EFBC}") = "FactorioAcolyte", "FactorioAcolyte\FactorioAcolyte.csproj", "{944D5BA3-B08C-4F53-8BC9-812E5CD5373F}"
EndProject
Global
	GlobalSection(SolutionConfigurationPlatforms) = preSolution
		Debug|Any CPU = Debug|Any CPU
		Release|Any CPU = Release|Any CPU
	EndGlobalSection
	GlobalSection(ProjectConfigurationPlatforms) = postSolution
		{632CD2A4-678B-4C9F-9B18-50F7EA7D2A32}.Debug|Any CPU.ActiveCfg = Debug|Any CPU
		{632CD2A4-678B-4C9F-9B18-50F7EA7D2A32}.Debug|Any CPU.Build.0 = Debug|Any CPU
		{632CD2A4-678B-4C9F-9B18-50F7EA7D2A32}.Release|Any CPU.ActiveCfg = Release|Any CPU
		{632CD2A4-678B-4C9F-9B18-50F7EA7D2A32}.Release|Any CPU.Build.0 = Release|Any CPU
		{B5A4F36B-5B7B-4D68-8D2F-80AE6C60AA28}.Debug|Any CPU.ActiveCfg = Debug|Any CPU
		{B5A4F36B-5B7B-4D68-8D2F-80AE6C60AA28}.Debug|Any CPU.Build.0 = Debug|Any CPU
		{B5A4F36B-5B7B-4D68-8D2F-80AE6C60AA28}.Release|Any CPU.ActiveCfg = Release|Any CPU
		{B5A4F36B-5B7B-4D68-8D2F-80AE6C60AA28}.Release|Any CPU.Build.0 = Release|Any CPU
		{944D5BA3-B08C-4F53-8BC9-812E5CD5373F}.Debug|Any CPU.ActiveCfg = Debug|Any CPU
		{944D5BA3-B08C-4F53-8BC9-812E5CD5373F}.Debug|Any CPU.Build.0 = Debug|Any CPU
		{944D5BA3-B08C-4F53-8BC9-812E5CD5373F}.Release|Any CPU.ActiveCfg = Release|Any CPU
		{944D5BA3-B08C-4F53-8BC9-812E5CD5373F}.Release|Any CPU.Build.0 = Release|Any CPU
	EndGlobalSection
	GlobalSection(SolutionProperties) = preSolution
		HideSolutionNode = FALSE
	EndGlobalSection
	GlobalSection(ExtensibilityGlobals) = postSolution
		SolutionGuid = {B18529D9-3193-4135-86C2-DA1C51222E1C}
	EndGlobalSection
EndGlobal
